
Microsoft Visual Studio Solution File, Format Version 12.00
# Visual Studio 15
VisualStudioVersion = 15.0.28307.168
MinimumVisualStudioVersion = 10.0.40219.1
Project("{9A19103F-16F7-4668-BE54-9A1E7A4F7556}") = "ComicShelf.Api", "ComicShelf\ComicShelf.Api.csproj", "{35790F2F-A1CC-46F3-8518-0476D84115A6}"
EndProject
Project("{9A19103F-16F7-4668-BE54-9A1E7A4F7556}") = "ComicShelf.DataAccess", "ComicShelf.DataAccess\ComicShelf.DataAccess.csproj", "{3F1A6922-687D-4B8F-8A7A-1369832A65E5}"
EndProject
Project("{9A19103F-16F7-4668-BE54-9A1E7A4F7556}") = "ComicShelf.Logic", "ComicShelf.Logic\ComicShelf.Logic.csproj", "{2FA9D6F1-33C2-42D9-A164-85A6C5C75B1C}"
EndProject
Project("{9A19103F-16F7-4668-BE54-9A1E7A4F7556}") = "ComicShelf.Models", "ComicShelf.Models\ComicShelf.Models.csproj", "{FE220EF5-2AD9-4162-9C1C-3361E2A494CC}"
EndProject
Project("{9A19103F-16F7-4668-BE54-9A1E7A4F7556}") = "ComicShelf.Common", "ComicShelf.Common\ComicShelf.Common.csproj", "{EA818DF9-9F87-451A-BA64-5C4DB506731F}"
EndProject
Project("{9A19103F-16F7-4668-BE54-9A1E7A4F7556}") = "ComicShelf.Tests", "tests\ComicShelf.Tests\ComicShelf.Tests.csproj", "{CC36CDC6-12A6-4A78-BA54-18FAA027D180}"
EndProject
Global
	GlobalSection(SolutionConfigurationPlatforms) = preSolution
		Debug|Any CPU = Debug|Any CPU
		Release|Any CPU = Release|Any CPU
	EndGlobalSection
	GlobalSection(ProjectConfigurationPlatforms) = postSolution
		{35790F2F-A1CC-46F3-8518-0476D84115A6}.Debug|Any CPU.ActiveCfg = Debug|Any CPU
		{35790F2F-A1CC-46F3-8518-0476D84115A6}.Debug|Any CPU.Build.0 = Debug|Any CPU
		{35790F2F-A1CC-46F3-8518-0476D84115A6}.Release|Any CPU.ActiveCfg = Release|Any CPU
		{35790F2F-A1CC-46F3-8518-0476D84115A6}.Release|Any CPU.Build.0 = Release|Any CPU
		{3F1A6922-687D-4B8F-8A7A-1369832A65E5}.Debug|Any CPU.ActiveCfg = Debug|Any CPU
		{3F1A6922-687D-4B8F-8A7A-1369832A65E5}.Debug|Any CPU.Build.0 = Debug|Any CPU
		{3F1A6922-687D-4B8F-8A7A-1369832A65E5}.Release|Any CPU.ActiveCfg = Release|Any CPU
		{3F1A6922-687D-4B8F-8A7A-1369832A65E5}.Release|Any CPU.Build.0 = Release|Any CPU
		{2FA9D6F1-33C2-42D9-A164-85A6C5C75B1C}.Debug|Any CPU.ActiveCfg = Debug|Any CPU
		{2FA9D6F1-33C2-42D9-A164-85A6C5C75B1C}.Debug|Any CPU.Build.0 = Debug|Any CPU
		{2FA9D6F1-33C2-42D9-A164-85A6C5C75B1C}.Release|Any CPU.ActiveCfg = Release|Any CPU
		{2FA9D6F1-33C2-42D9-A164-85A6C5C75B1C}.Release|Any CPU.Build.0 = Release|Any CPU
		{FE220EF5-2AD9-4162-9C1C-3361E2A494CC}.Debug|Any CPU.ActiveCfg = Debug|Any CPU
		{FE220EF5-2AD9-4162-9C1C-3361E2A494CC}.Debug|Any CPU.Build.0 = Debug|Any CPU
		{FE220EF5-2AD9-4162-9C1C-3361E2A494CC}.Release|Any CPU.ActiveCfg = Release|Any CPU
		{FE220EF5-2AD9-4162-9C1C-3361E2A494CC}.Release|Any CPU.Build.0 = Release|Any CPU
		{EA818DF9-9F87-451A-BA64-5C4DB506731F}.Debug|Any CPU.ActiveCfg = Debug|Any CPU
		{EA818DF9-9F87-451A-BA64-5C4DB506731F}.Debug|Any CPU.Build.0 = Debug|Any CPU
		{EA818DF9-9F87-451A-BA64-5C4DB506731F}.Release|Any CPU.ActiveCfg = Release|Any CPU
		{EA818DF9-9F87-451A-BA64-5C4DB506731F}.Release|Any CPU.Build.0 = Release|Any CPU
		{CC36CDC6-12A6-4A78-BA54-18FAA027D180}.Debug|Any CPU.ActiveCfg = Debug|Any CPU
		{CC36CDC6-12A6-4A78-BA54-18FAA027D180}.Debug|Any CPU.Build.0 = Debug|Any CPU
		{CC36CDC6-12A6-4A78-BA54-18FAA027D180}.Release|Any CPU.ActiveCfg = Release|Any CPU
		{CC36CDC6-12A6-4A78-BA54-18FAA027D180}.Release|Any CPU.Build.0 = Release|Any CPU
	EndGlobalSection
	GlobalSection(SolutionProperties) = preSolution
		HideSolutionNode = FALSE
	EndGlobalSection
	GlobalSection(ExtensibilityGlobals) = postSolution
		SolutionGuid = {9A0FCAA0-4DE3-4513-B021-DCCBA1047BBD}
	EndGlobalSection
EndGlobal
